
Microsoft Visual Studio Solution File, Format Version 12.00
# Visual Studio 15
VisualStudioVersion = 15.0.28307.1831
MinimumVisualStudioVersion = 10.0.40219.1
Project("{FAE04EC0-301F-11D3-BF4B-00C04F79EFBC}") = "HMSI_RFID_TRACKING_SYSTEM", "HMSI_RFID_TRACKING_SYSTEM\HMSI_RFID_TRACKING_SYSTEM.csproj", "{2902A6F4-30F3-425E-B90A-8B6F7A9EB1D4}"
EndProject
Project("{FAE04EC0-301F-11D3-BF4B-00C04F79EFBC}") = "BUSINESS_LAYER", "BUSINESS_LAYER\BUSINESS_LAYER.csproj", "{A86A7299-F175-46D9-848F-DF4AB9AD8427}"
EndProject
Project("{FAE04EC0-301F-11D3-BF4B-00C04F79EFBC}") = "DATA_LAYER", "DATA_LAYER\DATA_LAYER.csproj", "{774AF5EA-904B-4543-AAED-ABBACD918546}"
EndProject
Project("{FAE04EC0-301F-11D3-BF4B-00C04F79EFBC}") = "ENTITY_LAYER", "ENTITY_LAYER\ENTITY_LAYER.csproj", "{D798C03F-22FC-470C-B341-F58200E4EFD9}"
EndProject
Global
	GlobalSection(SolutionConfigurationPlatforms) = preSolution
		Debug|Any CPU = Debug|Any CPU
		Debug|x64 = Debug|x64
		Release|Any CPU = Release|Any CPU
		Release|x64 = Release|x64
	EndGlobalSection
	GlobalSection(ProjectConfigurationPlatforms) = postSolution
		{2902A6F4-30F3-425E-B90A-8B6F7A9EB1D4}.Debug|Any CPU.ActiveCfg = Debug|Any CPU
		{2902A6F4-30F3-425E-B90A-8B6F7A9EB1D4}.Debug|Any CPU.Build.0 = Debug|Any CPU
		{2902A6F4-30F3-425E-B90A-8B6F7A9EB1D4}.Debug|x64.ActiveCfg = Debug|Any CPU
		{2902A6F4-30F3-425E-B90A-8B6F7A9EB1D4}.Debug|x64.Build.0 = Debug|Any CPU
		{2902A6F4-30F3-425E-B90A-8B6F7A9EB1D4}.Release|Any CPU.ActiveCfg = Release|Any CPU
		{2902A6F4-30F3-425E-B90A-8B6F7A9EB1D4}.Release|Any CPU.Build.0 = Release|Any CPU
		{2902A6F4-30F3-425E-B90A-8B6F7A9EB1D4}.Release|x64.ActiveCfg = Release|Any CPU
		{2902A6F4-30F3-425E-B90A-8B6F7A9EB1D4}.Release|x64.Build.0 = Release|Any CPU
		{A86A7299-F175-46D9-848F-DF4AB9AD8427}.Debug|Any CPU.ActiveCfg = Debug|Any CPU
		{A86A7299-F175-46D9-848F-DF4AB9AD8427}.Debug|Any CPU.Build.0 = Debug|Any CPU
		{A86A7299-F175-46D9-848F-DF4AB9AD8427}.Debug|x64.ActiveCfg = Debug|x64
		{A86A7299-F175-46D9-848F-DF4AB9AD8427}.Debug|x64.Build.0 = Debug|x64
		{A86A7299-F175-46D9-848F-DF4AB9AD8427}.Release|Any CPU.ActiveCfg = Release|Any CPU
		{A86A7299-F175-46D9-848F-DF4AB9AD8427}.Release|Any CPU.Build.0 = Release|Any CPU
		{A86A7299-F175-46D9-848F-DF4AB9AD8427}.Release|x64.ActiveCfg = Release|x64
		{A86A7299-F175-46D9-848F-DF4AB9AD8427}.Release|x64.Build.0 = Release|x64
		{774AF5EA-904B-4543-AAED-ABBACD918546}.Debug|Any CPU.ActiveCfg = Debug|Any CPU
		{774AF5EA-904B-4543-AAED-ABBACD918546}.Debug|Any CPU.Build.0 = Debug|Any CPU
		{774AF5EA-904B-4543-AAED-ABBACD918546}.Debug|x64.ActiveCfg = Debug|Any CPU
		{774AF5EA-904B-4543-AAED-ABBACD918546}.Debug|x64.Build.0 = Debug|Any CPU
		{774AF5EA-904B-4543-AAED-ABBACD918546}.Release|Any CPU.ActiveCfg = Release|Any CPU
		{774AF5EA-904B-4543-AAED-ABBACD918546}.Release|Any CPU.Build.0 = Release|Any CPU
		{774AF5EA-904B-4543-AAED-ABBACD918546}.Release|x64.ActiveCfg = Release|Any CPU
		{774AF5EA-904B-4543-AAED-ABBACD918546}.Release|x64.Build.0 = Release|Any CPU
		{D798C03F-22FC-470C-B341-F58200E4EFD9}.Debug|Any CPU.ActiveCfg = Debug|Any CPU
		{D798C03F-22FC-470C-B341-F58200E4EFD9}.Debug|Any CPU.Build.0 = Debug|Any CPU
		{D798C03F-22FC-470C-B341-F58200E4EFD9}.Debug|x64.ActiveCfg = Debug|Any CPU
		{D798C03F-22FC-470C-B341-F58200E4EFD9}.Debug|x64.Build.0 = Debug|Any CPU
		{D798C03F-22FC-470C-B341-F58200E4EFD9}.Release|Any CPU.ActiveCfg = Release|Any CPU
		{D798C03F-22FC-470C-B341-F58200E4EFD9}.Release|Any CPU.Build.0 = Release|Any CPU
		{D798C03F-22FC-470C-B341-F58200E4EFD9}.Release|x64.ActiveCfg = Release|Any CPU
		{D798C03F-22FC-470C-B341-F58200E4EFD9}.Release|x64.Build.0 = Release|Any CPU
	EndGlobalSection
	GlobalSection(SolutionProperties) = preSolution
		HideSolutionNode = FALSE
	EndGlobalSection
	GlobalSection(ExtensibilityGlobals) = postSolution
		SolutionGuid = {67CD3267-F1CC-4D33-ADD5-C11B58A9091F}
	EndGlobalSection
EndGlobal
